// !$*UTF8*$!
{
	archiveVersion = 1;
	classes = {
	};
	objectVersion = 46;
	objects = {

/* Begin PBXBuildFile section */
		1108B3D519EA1842008379E6 /* Images.xcassets in Resources */ = {isa = PBXBuildFile; fileRef = 11944F8C19AEDF5100D5BF6D /* Images.xcassets */; };
		110DD5A11A1C488B004809D7 /* StatusLabel.swift in Sources */ = {isa = PBXBuildFile; fileRef = 110DD5A01A1C488B004809D7 /* StatusLabel.swift */; };
		110E1C1E19F734AB007BC736 /* CategoryViewController.swift in Sources */ = {isa = PBXBuildFile; fileRef = 110E1C1D19F734AB007BC736 /* CategoryViewController.swift */; };
		1111AC9B1A0F643D006B3993 /* CategoryFactory.swift in Sources */ = {isa = PBXBuildFile; fileRef = 1111AC9A1A0F643D006B3993 /* CategoryFactory.swift */; };
		1111AC9E1A0F6C82006B3993 /* FriendFactory.swift in Sources */ = {isa = PBXBuildFile; fileRef = 1111AC9D1A0F6C82006B3993 /* FriendFactory.swift */; };
		112B604E1A063E01004D9F33 /* ActivityFactory.swift in Sources */ = {isa = PBXBuildFile; fileRef = 112B604C1A063E01004D9F33 /* ActivityFactory.swift */; };
		112B604F1A063E01004D9F33 /* MessageFactory.swift in Sources */ = {isa = PBXBuildFile; fileRef = 112B604D1A063E01004D9F33 /* MessageFactory.swift */; };
		1136FC6E19D8DEE000A14DFA /* VerbAPI.swift in Sources */ = {isa = PBXBuildFile; fileRef = 1136FC6D19D8DEE000A14DFA /* VerbAPI.swift */; };
		113E46821A248D0800B780AD /* verb-logo.ttf in Resources */ = {isa = PBXBuildFile; fileRef = 113E46811A248D0800B780AD /* verb-logo.ttf */; };
		11406D8819FFA97500676EC6 /* SwiftyJSON.swift in Sources */ = {isa = PBXBuildFile; fileRef = 11406D8719FFA97500676EC6 /* SwiftyJSON.swift */; };
		11406D8C19FFAC9D00676EC6 /* Alamofire.framework in Copy Frameworks */ = {isa = PBXBuildFile; fileRef = 11C81F3419FF8534004EB2C6 /* Alamofire.framework */; settings = {ATTRIBUTES = (CodeSignOnCopy, RemoveHeadersOnCopy, ); }; };
		11406D8E1A04C55300676EC6 /* Async.swift in Sources */ = {isa = PBXBuildFile; fileRef = 11406D8D1A04C55300676EC6 /* Async.swift */; };
		11406D901A04D90900676EC6 /* Model.swift in Sources */ = {isa = PBXBuildFile; fileRef = 11406D8F1A04D90900676EC6 /* Model.swift */; };
		114105651A4148AB00F6EE95 /* Actionable.swift in Sources */ = {isa = PBXBuildFile; fileRef = 114105641A4148AB00F6EE95 /* Actionable.swift */; };
		114105671A4148BE00F6EE95 /* Swipeable.swift in Sources */ = {isa = PBXBuildFile; fileRef = 114105661A4148BE00F6EE95 /* Swipeable.swift */; };
		114105691A4148D400F6EE95 /* FriendshipModel.swift in Sources */ = {isa = PBXBuildFile; fileRef = 114105681A4148D400F6EE95 /* FriendshipModel.swift */; };
		116D268919FB8EA00039A948 /* CategoryModel.swift in Sources */ = {isa = PBXBuildFile; fileRef = 116D268819FB8EA00039A948 /* CategoryModel.swift */; };
		116D268B19FB990D0039A948 /* VerbViewController.swift in Sources */ = {isa = PBXBuildFile; fileRef = 116D268A19FB990D0039A948 /* VerbViewController.swift */; };
		116D268D19FB9B3C0039A948 /* VerbModel.swift in Sources */ = {isa = PBXBuildFile; fileRef = 116D268C19FB9B3C0039A948 /* VerbModel.swift */; };
		116D269119FE12890039A948 /* FriendViewController.swift in Sources */ = {isa = PBXBuildFile; fileRef = 116D269019FE12890039A948 /* FriendViewController.swift */; };
		116D269319FE30000039A948 /* SelectableModel.swift in Sources */ = {isa = PBXBuildFile; fileRef = 116D269219FE30000039A948 /* SelectableModel.swift */; };
		119217FA1A10BEA700EFA72F /* SwipeableCell.swift in Sources */ = {isa = PBXBuildFile; fileRef = 119217F91A10BEA700EFA72F /* SwipeableCell.swift */; };
		11944F8619AEDF5100D5BF6D /* AppDelegate.swift in Sources */ = {isa = PBXBuildFile; fileRef = 11944F8519AEDF5100D5BF6D /* AppDelegate.swift */; };
		11944F8819AEDF5100D5BF6D /* LoginViewController.swift in Sources */ = {isa = PBXBuildFile; fileRef = 11944F8719AEDF5100D5BF6D /* LoginViewController.swift */; };
		11944F8B19AEDF5100D5BF6D /* Main.storyboard in Resources */ = {isa = PBXBuildFile; fileRef = 11944F8919AEDF5100D5BF6D /* Main.storyboard */; };
		11944F8D19AEDF5100D5BF6D /* Images.xcassets in Resources */ = {isa = PBXBuildFile; fileRef = 11944F8C19AEDF5100D5BF6D /* Images.xcassets */; };
		11944F9919AEDF5100D5BF6D /* VerbTests.swift in Sources */ = {isa = PBXBuildFile; fileRef = 11944F9819AEDF5100D5BF6D /* VerbTests.swift */; };
		11944FA319AEE1A200D5BF6D /* ActivityModel.swift in Sources */ = {isa = PBXBuildFile; fileRef = 11944FA219AEE1A200D5BF6D /* ActivityModel.swift */; };
		11944FAB19AF0CA300D5BF6D /* UserModel.swift in Sources */ = {isa = PBXBuildFile; fileRef = 11944FAA19AF0CA300D5BF6D /* UserModel.swift */; };
		11944FAF19AF100000D5BF6D /* ActivityViewController.swift in Sources */ = {isa = PBXBuildFile; fileRef = 11944FAE19AF100000D5BF6D /* ActivityViewController.swift */; };
		119567A019E1530E00D015CA /* MessageModel.swift in Sources */ = {isa = PBXBuildFile; fileRef = 1195679D19E1530E00D015CA /* MessageModel.swift */; };
		11C81F5519FF93B8004EB2C6 /* VerbRequest.swift in Sources */ = {isa = PBXBuildFile; fileRef = 11C81F5419FF93B8004EB2C6 /* VerbRequest.swift */; };
		11CC2B5A19B0607500E99EC9 /* Login.storyboard in Resources */ = {isa = PBXBuildFile; fileRef = 11CC2B5919B0607500E99EC9 /* Login.storyboard */; };
		11CC2B6219B077AC00E99EC9 /* LogoutViewController.swift in Sources */ = {isa = PBXBuildFile; fileRef = 11CC2B6119B077AC00E99EC9 /* LogoutViewController.swift */; };
		11F5E2171A2BB8C500D85821 /* ConnectionFriendFactory.swift in Sources */ = {isa = PBXBuildFile; fileRef = 11F5E2161A2BB8C500D85821 /* ConnectionFriendFactory.swift */; };
		11F5E21A1A2BB8D900D85821 /* ConnectionFriendViewController.swift in Sources */ = {isa = PBXBuildFile; fileRef = 11F5E2191A2BB8D900D85821 /* ConnectionFriendViewController.swift */; };
		11F5E21C1A2BB8F400D85821 /* ConnectionFriendModel.swift in Sources */ = {isa = PBXBuildFile; fileRef = 11F5E21B1A2BB8F400D85821 /* ConnectionFriendModel.swift */; };
		11FED9021A22E3C8009AE028 /* icomoon-standard.ttf in Resources */ = {isa = PBXBuildFile; fileRef = 11FED9011A22E3C8009AE028 /* icomoon-standard.ttf */; };
		72CBEDC9E064017C2BCA501E /* libPods.a in Frameworks */ = {isa = PBXBuildFile; fileRef = 1BBD8A6F96D04114838ED370 /* libPods.a */; };
/* End PBXBuildFile section */

/* Begin PBXContainerItemProxy section */
		11406D8919FFAC6D00676EC6 /* PBXContainerItemProxy */ = {
			isa = PBXContainerItemProxy;
			containerPortal = 11C81F2E19FF8534004EB2C6 /* Alamofire.xcodeproj */;
			proxyType = 1;
			remoteGlobalIDString = F8111E3219A95C8B0040E7D1;
			remoteInfo = Alamofire;
		};
		11944F9319AEDF5100D5BF6D /* PBXContainerItemProxy */ = {
			isa = PBXContainerItemProxy;
			containerPortal = 11944F7819AEDF5000D5BF6D /* Project object */;
			proxyType = 1;
			remoteGlobalIDString = 11944F7F19AEDF5100D5BF6D;
			remoteInfo = Verb;
		};
		11C81F3319FF8534004EB2C6 /* PBXContainerItemProxy */ = {
			isa = PBXContainerItemProxy;
			containerPortal = 11C81F2E19FF8534004EB2C6 /* Alamofire.xcodeproj */;
			proxyType = 2;
			remoteGlobalIDString = F8111E3319A95C8B0040E7D1;
			remoteInfo = Alamofire;
		};
		11C81F3519FF8534004EB2C6 /* PBXContainerItemProxy */ = {
			isa = PBXContainerItemProxy;
			containerPortal = 11C81F2E19FF8534004EB2C6 /* Alamofire.xcodeproj */;
			proxyType = 2;
			remoteGlobalIDString = F8111E3E19A95C8B0040E7D1;
			remoteInfo = AlamofireTests;
		};
/* End PBXContainerItemProxy section */

/* Begin PBXCopyFilesBuildPhase section */
		11406D8B19FFAC8500676EC6 /* Copy Frameworks */ = {
			isa = PBXCopyFilesBuildPhase;
			buildActionMask = 2147483647;
			dstPath = "";
			dstSubfolderSpec = 10;
			files = (
				11406D8C19FFAC9D00676EC6 /* Alamofire.framework in Copy Frameworks */,
			);
			name = "Copy Frameworks";
			runOnlyForDeploymentPostprocessing = 0;
		};
/* End PBXCopyFilesBuildPhase section */

/* Begin PBXFileReference section */
		02FCC3E059841AC18C0A8134 /* Pods.release.xcconfig */ = {isa = PBXFileReference; includeInIndex = 1; lastKnownFileType = text.xcconfig; name = Pods.release.xcconfig; path = "Pods/Target Support Files/Pods/Pods.release.xcconfig"; sourceTree = "<group>"; };
		110DD5A01A1C488B004809D7 /* StatusLabel.swift */ = {isa = PBXFileReference; fileEncoding = 4; lastKnownFileType = sourcecode.swift; path = StatusLabel.swift; sourceTree = "<group>"; };
		110E1C1D19F734AB007BC736 /* CategoryViewController.swift */ = {isa = PBXFileReference; fileEncoding = 4; lastKnownFileType = sourcecode.swift; path = CategoryViewController.swift; sourceTree = "<group>"; };
		1111AC9A1A0F643D006B3993 /* CategoryFactory.swift */ = {isa = PBXFileReference; fileEncoding = 4; lastKnownFileType = sourcecode.swift; path = CategoryFactory.swift; sourceTree = "<group>"; };
		1111AC9D1A0F6C82006B3993 /* FriendFactory.swift */ = {isa = PBXFileReference; fileEncoding = 4; lastKnownFileType = sourcecode.swift; path = FriendFactory.swift; sourceTree = "<group>"; };
		112B604C1A063E01004D9F33 /* ActivityFactory.swift */ = {isa = PBXFileReference; fileEncoding = 4; lastKnownFileType = sourcecode.swift; path = ActivityFactory.swift; sourceTree = "<group>"; };
		112B604D1A063E01004D9F33 /* MessageFactory.swift */ = {isa = PBXFileReference; fileEncoding = 4; lastKnownFileType = sourcecode.swift; path = MessageFactory.swift; sourceTree = "<group>"; };
		1136FC6D19D8DEE000A14DFA /* VerbAPI.swift */ = {isa = PBXFileReference; fileEncoding = 4; lastKnownFileType = sourcecode.swift; path = VerbAPI.swift; sourceTree = "<group>"; };
		113E46811A248D0800B780AD /* verb-logo.ttf */ = {isa = PBXFileReference; lastKnownFileType = file; path = "verb-logo.ttf"; sourceTree = "<group>"; };
		11406D8719FFA97500676EC6 /* SwiftyJSON.swift */ = {isa = PBXFileReference; fileEncoding = 4; lastKnownFileType = sourcecode.swift; name = SwiftyJSON.swift; path = Lib/SwiftyJSON/Source/SwiftyJSON.swift; sourceTree = "<group>"; };
		11406D8D1A04C55300676EC6 /* Async.swift */ = {isa = PBXFileReference; fileEncoding = 4; lastKnownFileType = sourcecode.swift; name = Async.swift; path = Lib/Async/Async.swift; sourceTree = "<group>"; };
		11406D8F1A04D90900676EC6 /* Model.swift */ = {isa = PBXFileReference; fileEncoding = 4; lastKnownFileType = sourcecode.swift; name = Model.swift; path = Model/Model.swift; sourceTree = "<group>"; };
		114105641A4148AB00F6EE95 /* Actionable.swift */ = {isa = PBXFileReference; fileEncoding = 4; lastKnownFileType = sourcecode.swift; name = Actionable.swift; path = Model/Actionable.swift; sourceTree = "<group>"; };
		114105661A4148BE00F6EE95 /* Swipeable.swift */ = {isa = PBXFileReference; fileEncoding = 4; lastKnownFileType = sourcecode.swift; name = Swipeable.swift; path = Model/Swipeable.swift; sourceTree = "<group>"; };
		114105681A4148D400F6EE95 /* FriendshipModel.swift */ = {isa = PBXFileReference; fileEncoding = 4; lastKnownFileType = sourcecode.swift; name = FriendshipModel.swift; path = Model/FriendshipModel.swift; sourceTree = "<group>"; };
		116D268819FB8EA00039A948 /* CategoryModel.swift */ = {isa = PBXFileReference; fileEncoding = 4; lastKnownFileType = sourcecode.swift; name = CategoryModel.swift; path = Model/CategoryModel.swift; sourceTree = "<group>"; };
		116D268A19FB990D0039A948 /* VerbViewController.swift */ = {isa = PBXFileReference; fileEncoding = 4; lastKnownFileType = sourcecode.swift; path = VerbViewController.swift; sourceTree = "<group>"; };
		116D268C19FB9B3C0039A948 /* VerbModel.swift */ = {isa = PBXFileReference; fileEncoding = 4; lastKnownFileType = sourcecode.swift; name = VerbModel.swift; path = Model/VerbModel.swift; sourceTree = "<group>"; };
		116D269019FE12890039A948 /* FriendViewController.swift */ = {isa = PBXFileReference; fileEncoding = 4; lastKnownFileType = sourcecode.swift; path = FriendViewController.swift; sourceTree = "<group>"; };
		116D269219FE30000039A948 /* SelectableModel.swift */ = {isa = PBXFileReference; fileEncoding = 4; lastKnownFileType = sourcecode.swift; name = SelectableModel.swift; path = Model/SelectableModel.swift; sourceTree = "<group>"; };
		119217F91A10BEA700EFA72F /* SwipeableCell.swift */ = {isa = PBXFileReference; fileEncoding = 4; lastKnownFileType = sourcecode.swift; path = SwipeableCell.swift; sourceTree = "<group>"; };
		11944F8019AEDF5100D5BF6D /* Verb.app */ = {isa = PBXFileReference; explicitFileType = wrapper.application; includeInIndex = 0; path = Verb.app; sourceTree = BUILT_PRODUCTS_DIR; };
		11944F8419AEDF5100D5BF6D /* Info.plist */ = {isa = PBXFileReference; lastKnownFileType = text.plist.xml; path = Info.plist; sourceTree = "<group>"; };
		11944F8519AEDF5100D5BF6D /* AppDelegate.swift */ = {isa = PBXFileReference; indentWidth = 2; lastKnownFileType = sourcecode.swift; path = AppDelegate.swift; sourceTree = "<group>"; tabWidth = 2; wrapsLines = 0; };
		11944F8719AEDF5100D5BF6D /* LoginViewController.swift */ = {isa = PBXFileReference; indentWidth = 2; lastKnownFileType = sourcecode.swift; path = LoginViewController.swift; sourceTree = "<group>"; tabWidth = 2; };
		11944F8A19AEDF5100D5BF6D /* Base */ = {isa = PBXFileReference; lastKnownFileType = file.storyboard; name = Base; path = Base.lproj/Main.storyboard; sourceTree = "<group>"; };
		11944F8C19AEDF5100D5BF6D /* Images.xcassets */ = {isa = PBXFileReference; lastKnownFileType = folder.assetcatalog; path = Images.xcassets; sourceTree = "<group>"; };
		11944F9219AEDF5100D5BF6D /* VerbTests.xctest */ = {isa = PBXFileReference; explicitFileType = wrapper.cfbundle; includeInIndex = 0; path = VerbTests.xctest; sourceTree = BUILT_PRODUCTS_DIR; };
		11944F9719AEDF5100D5BF6D /* Info.plist */ = {isa = PBXFileReference; lastKnownFileType = text.plist.xml; path = Info.plist; sourceTree = "<group>"; };
		11944F9819AEDF5100D5BF6D /* VerbTests.swift */ = {isa = PBXFileReference; lastKnownFileType = sourcecode.swift; path = VerbTests.swift; sourceTree = "<group>"; };
		11944FA219AEE1A200D5BF6D /* ActivityModel.swift */ = {isa = PBXFileReference; fileEncoding = 4; indentWidth = 2; lastKnownFileType = sourcecode.swift; name = ActivityModel.swift; path = Verb/Model/ActivityModel.swift; sourceTree = SOURCE_ROOT; tabWidth = 2; };
		11944FA919AEEABC00D5BF6D /* Bridging-Header.h */ = {isa = PBXFileReference; lastKnownFileType = sourcecode.c.h; name = "Bridging-Header.h"; path = "Verb/Bridging-Header.h"; sourceTree = "<group>"; };
		11944FAA19AF0CA300D5BF6D /* UserModel.swift */ = {isa = PBXFileReference; fileEncoding = 4; indentWidth = 2; lastKnownFileType = sourcecode.swift; name = UserModel.swift; path = Verb/Model/UserModel.swift; sourceTree = SOURCE_ROOT; tabWidth = 2; };
		11944FAE19AF100000D5BF6D /* ActivityViewController.swift */ = {isa = PBXFileReference; fileEncoding = 4; indentWidth = 2; lastKnownFileType = sourcecode.swift; path = ActivityViewController.swift; sourceTree = "<group>"; tabWidth = 2; wrapsLines = 0; };
		1195679D19E1530E00D015CA /* MessageModel.swift */ = {isa = PBXFileReference; fileEncoding = 4; lastKnownFileType = sourcecode.swift; name = MessageModel.swift; path = Model/MessageModel.swift; sourceTree = "<group>"; };
		11C81F2E19FF8534004EB2C6 /* Alamofire.xcodeproj */ = {isa = PBXFileReference; lastKnownFileType = "wrapper.pb-project"; name = Alamofire.xcodeproj; path = Lib/Alamofire/Alamofire.xcodeproj; sourceTree = "<group>"; };
		11C81F5419FF93B8004EB2C6 /* VerbRequest.swift */ = {isa = PBXFileReference; fileEncoding = 4; lastKnownFileType = sourcecode.swift; path = VerbRequest.swift; sourceTree = "<group>"; };
		11CC2B5919B0607500E99EC9 /* Login.storyboard */ = {isa = PBXFileReference; fileEncoding = 4; lastKnownFileType = file.storyboard; path = Login.storyboard; sourceTree = "<group>"; };
		11CC2B6119B077AC00E99EC9 /* LogoutViewController.swift */ = {isa = PBXFileReference; fileEncoding = 4; indentWidth = 2; lastKnownFileType = sourcecode.swift; path = LogoutViewController.swift; sourceTree = "<group>"; tabWidth = 2; };
		11F5E2161A2BB8C500D85821 /* ConnectionFriendFactory.swift */ = {isa = PBXFileReference; fileEncoding = 4; lastKnownFileType = sourcecode.swift; path = ConnectionFriendFactory.swift; sourceTree = "<group>"; };
		11F5E2191A2BB8D900D85821 /* ConnectionFriendViewController.swift */ = {isa = PBXFileReference; fileEncoding = 4; lastKnownFileType = sourcecode.swift; path = ConnectionFriendViewController.swift; sourceTree = "<group>"; };
		11F5E21B1A2BB8F400D85821 /* ConnectionFriendModel.swift */ = {isa = PBXFileReference; fileEncoding = 4; lastKnownFileType = sourcecode.swift; name = ConnectionFriendModel.swift; path = Model/ConnectionFriendModel.swift; sourceTree = "<group>"; };
		11FED9011A22E3C8009AE028 /* icomoon-standard.ttf */ = {isa = PBXFileReference; lastKnownFileType = file; path = "icomoon-standard.ttf"; sourceTree = "<group>"; };
		1BBD8A6F96D04114838ED370 /* libPods.a */ = {isa = PBXFileReference; explicitFileType = archive.ar; includeInIndex = 0; path = libPods.a; sourceTree = BUILT_PRODUCTS_DIR; };
		8F054F42551669CD6E82F7CF /* Pods.debug.xcconfig */ = {isa = PBXFileReference; includeInIndex = 1; lastKnownFileType = text.xcconfig; name = Pods.debug.xcconfig; path = "Pods/Target Support Files/Pods/Pods.debug.xcconfig"; sourceTree = "<group>"; };
/* End PBXFileReference section */

/* Begin PBXFrameworksBuildPhase section */
		11944F7D19AEDF5100D5BF6D /* Frameworks */ = {
			isa = PBXFrameworksBuildPhase;
			buildActionMask = 2147483647;
			files = (
				72CBEDC9E064017C2BCA501E /* libPods.a in Frameworks */,
			);
			runOnlyForDeploymentPostprocessing = 0;
		};
		11944F8F19AEDF5100D5BF6D /* Frameworks */ = {
			isa = PBXFrameworksBuildPhase;
			buildActionMask = 2147483647;
			files = (
			);
			runOnlyForDeploymentPostprocessing = 0;
		};
/* End PBXFrameworksBuildPhase section */

/* Begin PBXGroup section */
		112B604B1A063E01004D9F33 /* Factory */ = {
			isa = PBXGroup;
			children = (
				11F5E2161A2BB8C500D85821 /* ConnectionFriendFactory.swift */,
				1111AC9D1A0F6C82006B3993 /* FriendFactory.swift */,
				1111AC9A1A0F643D006B3993 /* CategoryFactory.swift */,
				112B604C1A063E01004D9F33 /* ActivityFactory.swift */,
				112B604D1A063E01004D9F33 /* MessageFactory.swift */,
			);
			path = Factory;
			sourceTree = "<group>";
		};
		1136FC6F19D8DF3700A14DFA /* Lib */ = {
			isa = PBXGroup;
			children = (
				11406D8D1A04C55300676EC6 /* Async.swift */,
				11406D8719FFA97500676EC6 /* SwiftyJSON.swift */,
			);
			name = Lib;
			sourceTree = "<group>";
		};
		11944F7719AEDF5000D5BF6D = {
			isa = PBXGroup;
			children = (
				11C81F2E19FF8534004EB2C6 /* Alamofire.xcodeproj */,
				11944FA919AEEABC00D5BF6D /* Bridging-Header.h */,
				1136FC6F19D8DF3700A14DFA /* Lib */,
				11944F8219AEDF5100D5BF6D /* Verb */,
				11944F9519AEDF5100D5BF6D /* VerbTests */,
				11944F8119AEDF5100D5BF6D /* Products */,
				1CB1FCED04831C95E5EE5D6A /* Pods */,
				BA17562634025AE9538EA18A /* Frameworks */,
			);
			sourceTree = "<group>";
		};
		11944F8119AEDF5100D5BF6D /* Products */ = {
			isa = PBXGroup;
			children = (
				11944F8019AEDF5100D5BF6D /* Verb.app */,
				11944F9219AEDF5100D5BF6D /* VerbTests.xctest */,
			);
			name = Products;
			sourceTree = "<group>";
		};
		11944F8219AEDF5100D5BF6D /* Verb */ = {
			isa = PBXGroup;
			children = (
				112B604B1A063E01004D9F33 /* Factory */,
				1195679A19E150C500D015CA /* Model */,
				11944F8519AEDF5100D5BF6D /* AppDelegate.swift */,
				11C81F5419FF93B8004EB2C6 /* VerbRequest.swift */,
				11F5E2191A2BB8D900D85821 /* ConnectionFriendViewController.swift */,
				110DD5A01A1C488B004809D7 /* StatusLabel.swift */,
				1136FC6D19D8DEE000A14DFA /* VerbAPI.swift */,
				11944F8719AEDF5100D5BF6D /* LoginViewController.swift */,
				11944FAE19AF100000D5BF6D /* ActivityViewController.swift */,
				119217F91A10BEA700EFA72F /* SwipeableCell.swift */,
				110E1C1D19F734AB007BC736 /* CategoryViewController.swift */,
				116D268A19FB990D0039A948 /* VerbViewController.swift */,
				116D269019FE12890039A948 /* FriendViewController.swift */,
				11CC2B6119B077AC00E99EC9 /* LogoutViewController.swift */,
				11944F8919AEDF5100D5BF6D /* Main.storyboard */,
				11CC2B5919B0607500E99EC9 /* Login.storyboard */,
				11944F8C19AEDF5100D5BF6D /* Images.xcassets */,
				11944F8319AEDF5100D5BF6D /* Supporting Files */,
			);
			path = Verb;
			sourceTree = "<group>";
		};
		11944F8319AEDF5100D5BF6D /* Supporting Files */ = {
			isa = PBXGroup;
			children = (
				113E46811A248D0800B780AD /* verb-logo.ttf */,
				11FED9011A22E3C8009AE028 /* icomoon-standard.ttf */,
				11944F8419AEDF5100D5BF6D /* Info.plist */,
			);
			name = "Supporting Files";
			sourceTree = "<group>";
		};
		11944F9519AEDF5100D5BF6D /* VerbTests */ = {
			isa = PBXGroup;
			children = (
				11944F9819AEDF5100D5BF6D /* VerbTests.swift */,
				11944F9619AEDF5100D5BF6D /* Supporting Files */,
			);
			path = VerbTests;
			sourceTree = "<group>";
		};
		11944F9619AEDF5100D5BF6D /* Supporting Files */ = {
			isa = PBXGroup;
			children = (
				11944F9719AEDF5100D5BF6D /* Info.plist */,
			);
			name = "Supporting Files";
			sourceTree = "<group>";
		};
		1195679A19E150C500D015CA /* Model */ = {
			isa = PBXGroup;
			children = (
				114105641A4148AB00F6EE95 /* Actionable.swift */,
				116D268819FB8EA00039A948 /* CategoryModel.swift */,
				11F5E21B1A2BB8F400D85821 /* ConnectionFriendModel.swift */,
				114105681A4148D400F6EE95 /* FriendshipModel.swift */,
				116D268C19FB9B3C0039A948 /* VerbModel.swift */,
				1195679D19E1530E00D015CA /* MessageModel.swift */,
				11944FAA19AF0CA300D5BF6D /* UserModel.swift */,
				11406D8F1A04D90900676EC6 /* Model.swift */,
				11944FA219AEE1A200D5BF6D /* ActivityModel.swift */,
				116D269219FE30000039A948 /* SelectableModel.swift */,
				114105661A4148BE00F6EE95 /* Swipeable.swift */,
			);
			name = Model;
			sourceTree = "<group>";
		};
		11C81F2F19FF8534004EB2C6 /* Products */ = {
			isa = PBXGroup;
			children = (
				11C81F3419FF8534004EB2C6 /* Alamofire.framework */,
				11C81F3619FF8534004EB2C6 /* AlamofireTests.xctest */,
			);
			name = Products;
			sourceTree = "<group>";
		};
		1CB1FCED04831C95E5EE5D6A /* Pods */ = {
			isa = PBXGroup;
			children = (
				8F054F42551669CD6E82F7CF /* Pods.debug.xcconfig */,
				02FCC3E059841AC18C0A8134 /* Pods.release.xcconfig */,
			);
			name = Pods;
			sourceTree = "<group>";
		};
		BA17562634025AE9538EA18A /* Frameworks */ = {
			isa = PBXGroup;
			children = (
				1BBD8A6F96D04114838ED370 /* libPods.a */,
			);
			name = Frameworks;
			sourceTree = "<group>";
		};
/* End PBXGroup section */

/* Begin PBXNativeTarget section */
		11944F7F19AEDF5100D5BF6D /* Verb */ = {
			isa = PBXNativeTarget;
			buildConfigurationList = 11944F9C19AEDF5100D5BF6D /* Build configuration list for PBXNativeTarget "Verb" */;
			buildPhases = (
				3FE2917CAB11B67D03068678 /* Check Pods Manifest.lock */,
				11944F7C19AEDF5100D5BF6D /* Sources */,
				11944F7D19AEDF5100D5BF6D /* Frameworks */,
				11944F7E19AEDF5100D5BF6D /* Resources */,
				62BA88DD091FD7086AE0BC8E /* Copy Pods Resources */,
				11406D8B19FFAC8500676EC6 /* Copy Frameworks */,
			);
			buildRules = (
			);
			dependencies = (
				11406D8A19FFAC6D00676EC6 /* PBXTargetDependency */,
			);
			name = Verb;
			productName = Verb;
			productReference = 11944F8019AEDF5100D5BF6D /* Verb.app */;
			productType = "com.apple.product-type.application";
		};
		11944F9119AEDF5100D5BF6D /* VerbTests */ = {
			isa = PBXNativeTarget;
			buildConfigurationList = 11944F9F19AEDF5100D5BF6D /* Build configuration list for PBXNativeTarget "VerbTests" */;
			buildPhases = (
				11944F8E19AEDF5100D5BF6D /* Sources */,
				11944F8F19AEDF5100D5BF6D /* Frameworks */,
				11944F9019AEDF5100D5BF6D /* Resources */,
			);
			buildRules = (
			);
			dependencies = (
				11944F9419AEDF5100D5BF6D /* PBXTargetDependency */,
			);
			name = VerbTests;
			productName = VerbTests;
			productReference = 11944F9219AEDF5100D5BF6D /* VerbTests.xctest */;
			productType = "com.apple.product-type.bundle.unit-test";
		};
/* End PBXNativeTarget section */

/* Begin PBXProject section */
		11944F7819AEDF5000D5BF6D /* Project object */ = {
			isa = PBXProject;
			attributes = {
				LastUpgradeCheck = 0600;
				ORGANIZATIONNAME = "Jonathan Porta";
				TargetAttributes = {
					11944F7F19AEDF5100D5BF6D = {
						CreatedOnToolsVersion = 6.0;
						DevelopmentTeam = 52KRCFBNVN;
					};
					11944F9119AEDF5100D5BF6D = {
						CreatedOnToolsVersion = 6.0;
						TestTargetID = 11944F7F19AEDF5100D5BF6D;
					};
				};
			};
			buildConfigurationList = 11944F7B19AEDF5000D5BF6D /* Build configuration list for PBXProject "Verb" */;
			compatibilityVersion = "Xcode 3.2";
			developmentRegion = English;
			hasScannedForEncodings = 0;
			knownRegions = (
				en,
				Base,
			);
			mainGroup = 11944F7719AEDF5000D5BF6D;
			productRefGroup = 11944F8119AEDF5100D5BF6D /* Products */;
			projectDirPath = "";
			projectReferences = (
				{
					ProductGroup = 11C81F2F19FF8534004EB2C6 /* Products */;
					ProjectRef = 11C81F2E19FF8534004EB2C6 /* Alamofire.xcodeproj */;
				},
			);
			projectRoot = "";
			targets = (
				11944F7F19AEDF5100D5BF6D /* Verb */,
				11944F9119AEDF5100D5BF6D /* VerbTests */,
			);
		};
/* End PBXProject section */

/* Begin PBXReferenceProxy section */
		11C81F3419FF8534004EB2C6 /* Alamofire.framework */ = {
			isa = PBXReferenceProxy;
			fileType = wrapper.framework;
			path = Alamofire.framework;
			remoteRef = 11C81F3319FF8534004EB2C6 /* PBXContainerItemProxy */;
			sourceTree = BUILT_PRODUCTS_DIR;
		};
		11C81F3619FF8534004EB2C6 /* AlamofireTests.xctest */ = {
			isa = PBXReferenceProxy;
			fileType = wrapper.cfbundle;
			path = AlamofireTests.xctest;
			remoteRef = 11C81F3519FF8534004EB2C6 /* PBXContainerItemProxy */;
			sourceTree = BUILT_PRODUCTS_DIR;
		};
/* End PBXReferenceProxy section */

/* Begin PBXResourcesBuildPhase section */
		11944F7E19AEDF5100D5BF6D /* Resources */ = {
			isa = PBXResourcesBuildPhase;
			buildActionMask = 2147483647;
			files = (
				11FED9021A22E3C8009AE028 /* icomoon-standard.ttf in Resources */,
				11944F8B19AEDF5100D5BF6D /* Main.storyboard in Resources */,
				11944F8D19AEDF5100D5BF6D /* Images.xcassets in Resources */,
				113E46821A248D0800B780AD /* verb-logo.ttf in Resources */,
				11CC2B5A19B0607500E99EC9 /* Login.storyboard in Resources */,
			);
			runOnlyForDeploymentPostprocessing = 0;
		};
		11944F9019AEDF5100D5BF6D /* Resources */ = {
			isa = PBXResourcesBuildPhase;
			buildActionMask = 2147483647;
			files = (
				1108B3D519EA1842008379E6 /* Images.xcassets in Resources */,
			);
			runOnlyForDeploymentPostprocessing = 0;
		};
/* End PBXResourcesBuildPhase section */

/* Begin PBXShellScriptBuildPhase section */
		3FE2917CAB11B67D03068678 /* Check Pods Manifest.lock */ = {
			isa = PBXShellScriptBuildPhase;
			buildActionMask = 2147483647;
			files = (
			);
			inputPaths = (
			);
			name = "Check Pods Manifest.lock";
			outputPaths = (
			);
			runOnlyForDeploymentPostprocessing = 0;
			shellPath = /bin/sh;
			shellScript = "diff \"${PODS_ROOT}/../Podfile.lock\" \"${PODS_ROOT}/Manifest.lock\" > /dev/null\nif [[ $? != 0 ]] ; then\n    cat << EOM\nerror: The sandbox is not in sync with the Podfile.lock. Run 'pod install' or update your CocoaPods installation.\nEOM\n    exit 1\nfi\n";
			showEnvVarsInLog = 0;
		};
		62BA88DD091FD7086AE0BC8E /* Copy Pods Resources */ = {
			isa = PBXShellScriptBuildPhase;
			buildActionMask = 2147483647;
			files = (
			);
			inputPaths = (
			);
			name = "Copy Pods Resources";
			outputPaths = (
			);
			runOnlyForDeploymentPostprocessing = 0;
			shellPath = /bin/sh;
			shellScript = "\"${SRCROOT}/Pods/Target Support Files/Pods/Pods-resources.sh\"\n";
			showEnvVarsInLog = 0;
		};
/* End PBXShellScriptBuildPhase section */

/* Begin PBXSourcesBuildPhase section */
		11944F7C19AEDF5100D5BF6D /* Sources */ = {
			isa = PBXSourcesBuildPhase;
			buildActionMask = 2147483647;
			files = (
				11944F8819AEDF5100D5BF6D /* LoginViewController.swift in Sources */,
				114105651A4148AB00F6EE95 /* Actionable.swift in Sources */,
				11C81F5519FF93B8004EB2C6 /* VerbRequest.swift in Sources */,
				11944FAF19AF100000D5BF6D /* ActivityViewController.swift in Sources */,
				119217FA1A10BEA700EFA72F /* SwipeableCell.swift in Sources */,
				114105691A4148D400F6EE95 /* FriendshipModel.swift in Sources */,
				11F5E21A1A2BB8D900D85821 /* ConnectionFriendViewController.swift in Sources */,
				110DD5A11A1C488B004809D7 /* StatusLabel.swift in Sources */,
				11406D8E1A04C55300676EC6 /* Async.swift in Sources */,
				1136FC6E19D8DEE000A14DFA /* VerbAPI.swift in Sources */,
				11944F8619AEDF5100D5BF6D /* AppDelegate.swift in Sources */,
				110E1C1E19F734AB007BC736 /* CategoryViewController.swift in Sources */,
				112B604E1A063E01004D9F33 /* ActivityFactory.swift in Sources */,
				114105671A4148BE00F6EE95 /* Swipeable.swift in Sources */,
				112B604F1A063E01004D9F33 /* MessageFactory.swift in Sources */,
				116D269319FE30000039A948 /* SelectableModel.swift in Sources */,
				1111AC9B1A0F643D006B3993 /* CategoryFactory.swift in Sources */,
				11F5E21C1A2BB8F400D85821 /* ConnectionFriendModel.swift in Sources */,
				11944FA319AEE1A200D5BF6D /* ActivityModel.swift in Sources */,
				11406D901A04D90900676EC6 /* Model.swift in Sources */,
				116D268B19FB990D0039A948 /* VerbViewController.swift in Sources */,
				116D268919FB8EA00039A948 /* CategoryModel.swift in Sources */,
				119567A019E1530E00D015CA /* MessageModel.swift in Sources */,
				11406D8819FFA97500676EC6 /* SwiftyJSON.swift in Sources */,
				11944FAB19AF0CA300D5BF6D /* UserModel.swift in Sources */,
				1111AC9E1A0F6C82006B3993 /* FriendFactory.swift in Sources */,
				11F5E2171A2BB8C500D85821 /* ConnectionFriendFactory.swift in Sources */,
				11CC2B6219B077AC00E99EC9 /* LogoutViewController.swift in Sources */,
				116D269119FE12890039A948 /* FriendViewController.swift in Sources */,
				116D268D19FB9B3C0039A948 /* VerbModel.swift in Sources */,
			);
			runOnlyForDeploymentPostprocessing = 0;
		};
		11944F8E19AEDF5100D5BF6D /* Sources */ = {
			isa = PBXSourcesBuildPhase;
			buildActionMask = 2147483647;
			files = (
				11944F9919AEDF5100D5BF6D /* VerbTests.swift in Sources */,
			);
			runOnlyForDeploymentPostprocessing = 0;
		};
/* End PBXSourcesBuildPhase section */

/* Begin PBXTargetDependency section */
		11406D8A19FFAC6D00676EC6 /* PBXTargetDependency */ = {
			isa = PBXTargetDependency;
			name = Alamofire;
			targetProxy = 11406D8919FFAC6D00676EC6 /* PBXContainerItemProxy */;
		};
		11944F9419AEDF5100D5BF6D /* PBXTargetDependency */ = {
			isa = PBXTargetDependency;
			target = 11944F7F19AEDF5100D5BF6D /* Verb */;
			targetProxy = 11944F9319AEDF5100D5BF6D /* PBXContainerItemProxy */;
		};
/* End PBXTargetDependency section */

/* Begin PBXVariantGroup section */
		11944F8919AEDF5100D5BF6D /* Main.storyboard */ = {
			isa = PBXVariantGroup;
			children = (
				11944F8A19AEDF5100D5BF6D /* Base */,
			);
			name = Main.storyboard;
			sourceTree = "<group>";
		};
/* End PBXVariantGroup section */

/* Begin XCBuildConfiguration section */
		11944F9A19AEDF5100D5BF6D /* Debug */ = {
			isa = XCBuildConfiguration;
			buildSettings = {
				ALWAYS_SEARCH_USER_PATHS = NO;
				CLANG_CXX_LANGUAGE_STANDARD = "gnu++0x";
				CLANG_CXX_LIBRARY = "libc++";
				CLANG_ENABLE_MODULES = YES;
				CLANG_ENABLE_OBJC_ARC = YES;
				CLANG_WARN_BOOL_CONVERSION = YES;
				CLANG_WARN_CONSTANT_CONVERSION = YES;
				CLANG_WARN_DIRECT_OBJC_ISA_USAGE = YES_ERROR;
				CLANG_WARN_EMPTY_BODY = YES;
				CLANG_WARN_ENUM_CONVERSION = YES;
				CLANG_WARN_INT_CONVERSION = YES;
				CLANG_WARN_OBJC_ROOT_CLASS = YES_ERROR;
				CLANG_WARN_UNREACHABLE_CODE = YES;
				CLANG_WARN__DUPLICATE_METHOD_MATCH = YES;
				CODE_SIGN_IDENTITY = "iPhone Developer: William Porta (F7L5MLW335)";
				"CODE_SIGN_IDENTITY[sdk=iphoneos*]" = "iPhone Developer: William Porta (F7L5MLW335)";
				COPY_PHASE_STRIP = NO;
				ENABLE_STRICT_OBJC_MSGSEND = YES;
				GCC_C_LANGUAGE_STANDARD = gnu99;
				GCC_DYNAMIC_NO_PIC = NO;
				GCC_OPTIMIZATION_LEVEL = 0;
				GCC_PREPROCESSOR_DEFINITIONS = (
					"DEBUG=1",
					"$(inherited)",
				);
				GCC_SYMBOLS_PRIVATE_EXTERN = NO;
				GCC_WARN_64_TO_32_BIT_CONVERSION = YES;
				GCC_WARN_ABOUT_RETURN_TYPE = YES_ERROR;
				GCC_WARN_UNDECLARED_SELECTOR = YES;
				GCC_WARN_UNINITIALIZED_AUTOS = YES_AGGRESSIVE;
				GCC_WARN_UNUSED_FUNCTION = YES;
				GCC_WARN_UNUSED_VARIABLE = YES;
				IPHONEOS_DEPLOYMENT_TARGET = 8.0;
				METAL_ENABLE_DEBUG_INFO = YES;
				ONLY_ACTIVE_ARCH = YES;
				SDKROOT = iphoneos;
				SWIFT_OPTIMIZATION_LEVEL = "-Onone";
				TARGETED_DEVICE_FAMILY = "1,2";
			};
			name = Debug;
		};
		11944F9B19AEDF5100D5BF6D /* Release */ = {
			isa = XCBuildConfiguration;
			buildSettings = {
				ALWAYS_SEARCH_USER_PATHS = NO;
				CLANG_CXX_LANGUAGE_STANDARD = "gnu++0x";
				CLANG_CXX_LIBRARY = "libc++";
				CLANG_ENABLE_MODULES = YES;
				CLANG_ENABLE_OBJC_ARC = YES;
				CLANG_WARN_BOOL_CONVERSION = YES;
				CLANG_WARN_CONSTANT_CONVERSION = YES;
				CLANG_WARN_DIRECT_OBJC_ISA_USAGE = YES_ERROR;
				CLANG_WARN_EMPTY_BODY = YES;
				CLANG_WARN_ENUM_CONVERSION = YES;
				CLANG_WARN_INT_CONVERSION = YES;
				CLANG_WARN_OBJC_ROOT_CLASS = YES_ERROR;
				CLANG_WARN_UNREACHABLE_CODE = YES;
				CLANG_WARN__DUPLICATE_METHOD_MATCH = YES;
				"CODE_SIGN_IDENTITY[sdk=iphoneos*]" = "iPhone Developer";
				COPY_PHASE_STRIP = YES;
				ENABLE_NS_ASSERTIONS = NO;
				ENABLE_STRICT_OBJC_MSGSEND = YES;
				GCC_C_LANGUAGE_STANDARD = gnu99;
				GCC_WARN_64_TO_32_BIT_CONVERSION = YES;
				GCC_WARN_ABOUT_RETURN_TYPE = YES_ERROR;
				GCC_WARN_UNDECLARED_SELECTOR = YES;
				GCC_WARN_UNINITIALIZED_AUTOS = YES_AGGRESSIVE;
				GCC_WARN_UNUSED_FUNCTION = YES;
				GCC_WARN_UNUSED_VARIABLE = YES;
				IPHONEOS_DEPLOYMENT_TARGET = 8.0;
				METAL_ENABLE_DEBUG_INFO = NO;
				SDKROOT = iphoneos;
				TARGETED_DEVICE_FAMILY = "1,2";
				VALIDATE_PRODUCT = YES;
			};
			name = Release;
		};
		11944F9D19AEDF5100D5BF6D /* Debug */ = {
			isa = XCBuildConfiguration;
			baseConfigurationReference = 8F054F42551669CD6E82F7CF /* Pods.debug.xcconfig */;
			buildSettings = {
				ASSETCATALOG_COMPILER_APPICON_NAME = AppIcon;
				ASSETCATALOG_COMPILER_LAUNCHIMAGE_NAME = LaunchImage;
				CODE_SIGN_IDENTITY = "iPhone Developer: William Porta (F7L5MLW335)";
				"CODE_SIGN_IDENTITY[sdk=iphoneos*]" = "iPhone Developer: William Porta (F7L5MLW335)";
				"CODE_SIGN_RESOURCE_RULES_PATH[sdk=*]" = "$(SDKROOT)/ResourceRules.plist";
				FRAMEWORK_SEARCH_PATHS = (
					"$(inherited)",
					"$(PROJECT_DIR)",
					"$(PROJECT_DIR)/Lib",
				);
				INFOPLIST_FILE = Verb/Info.plist;
				IPHONEOS_DEPLOYMENT_TARGET = 8.0;
				LD_RUNPATH_SEARCH_PATHS = "$(inherited) @executable_path/Frameworks";
				PRODUCT_NAME = "$(TARGET_NAME)";
				PROVISIONING_PROFILE = "44e3b30b-d65c-4ff8-8f82-b1d8b6880692";
				SWIFT_OBJC_BRIDGING_HEADER = "Verb/Bridging-Header.h";
				TARGETED_DEVICE_FAMILY = "1,2";
			};
			name = Debug;
		};
		11944F9E19AEDF5100D5BF6D /* Release */ = {
			isa = XCBuildConfiguration;
			baseConfigurationReference = 02FCC3E059841AC18C0A8134 /* Pods.release.xcconfig */;
			buildSettings = {
				ASSETCATALOG_COMPILER_APPICON_NAME = AppIcon;
				ASSETCATALOG_COMPILER_LAUNCHIMAGE_NAME = LaunchImage;
				CODE_SIGN_IDENTITY = "iPhone Distribution: William Porta (52KRCFBNVN)";
				"CODE_SIGN_IDENTITY[sdk=iphoneos*]" = "iPhone Distribution: William Porta (52KRCFBNVN)";
				"CODE_SIGN_RESOURCE_RULES_PATH[sdk=*]" = "$(SDKROOT)/ResourceRules.plist";
				FRAMEWORK_SEARCH_PATHS = (
					"$(inherited)",
					"$(PROJECT_DIR)",
					"$(PROJECT_DIR)/Lib",
				);
				INFOPLIST_FILE = Verb/Info.plist;
				IPHONEOS_DEPLOYMENT_TARGET = 8.0;
				LD_RUNPATH_SEARCH_PATHS = "$(inherited) @executable_path/Frameworks";
				PRODUCT_NAME = "$(TARGET_NAME)";
				PROVISIONING_PROFILE = "d69a7aa1-d455-4e1e-899a-16a1036be0ca";
				SWIFT_OBJC_BRIDGING_HEADER = "Verb/Bridging-Header.h";
				TARGETED_DEVICE_FAMILY = "1,2";
			};
			name = Release;
		};
		11944FA019AEDF5100D5BF6D /* Debug */ = {
			isa = XCBuildConfiguration;
			buildSettings = {
				BUNDLE_LOADER = "$(BUILT_PRODUCTS_DIR)/Verb.app/Verb";
				FRAMEWORK_SEARCH_PATHS = (
					"$(SDKROOT)/Developer/Library/Frameworks",
					"$(inherited)",
					"$(PROJECT_DIR)/Lib",
				);
				GCC_PREPROCESSOR_DEFINITIONS = (
					"DEBUG=1",
					"$(inherited)",
				);
				INFOPLIST_FILE = VerbTests/Info.plist;
				LD_RUNPATH_SEARCH_PATHS = "$(inherited) @executable_path/Frameworks @loader_path/Frameworks";
				METAL_ENABLE_DEBUG_INFO = YES;
				PRODUCT_NAME = "$(TARGET_NAME)";
				TEST_HOST = "$(BUNDLE_LOADER)";
			};
			name = Debug;
		};
		11944FA119AEDF5100D5BF6D /* Release */ = {
			isa = XCBuildConfiguration;
			buildSettings = {
				BUNDLE_LOADER = "$(BUILT_PRODUCTS_DIR)/Verb.app/Verb";
				FRAMEWORK_SEARCH_PATHS = (
					"$(SDKROOT)/Developer/Library/Frameworks",
					"$(inherited)",
					"$(PROJECT_DIR)/Lib",
				);
				INFOPLIST_FILE = VerbTests/Info.plist;
				LD_RUNPATH_SEARCH_PATHS = "$(inherited) @executable_path/Frameworks @loader_path/Frameworks";
				METAL_ENABLE_DEBUG_INFO = NO;
				PRODUCT_NAME = "$(TARGET_NAME)";
				TEST_HOST = "$(BUNDLE_LOADER)";
			};
			name = Release;
		};
/* End XCBuildConfiguration section */

/* Begin XCConfigurationList section */
		11944F7B19AEDF5000D5BF6D /* Build configuration list for PBXProject "Verb" */ = {
			isa = XCConfigurationList;
			buildConfigurations = (
				11944F9A19AEDF5100D5BF6D /* Debug */,
				11944F9B19AEDF5100D5BF6D /* Release */,
			);
			defaultConfigurationIsVisible = 0;
			defaultConfigurationName = Release;
		};
		11944F9C19AEDF5100D5BF6D /* Build configuration list for PBXNativeTarget "Verb" */ = {
			isa = XCConfigurationList;
			buildConfigurations = (
				11944F9D19AEDF5100D5BF6D /* Debug */,
				11944F9E19AEDF5100D5BF6D /* Release */,
			);
			defaultConfigurationIsVisible = 0;
			defaultConfigurationName = Release;
		};
		11944F9F19AEDF5100D5BF6D /* Build configuration list for PBXNativeTarget "VerbTests" */ = {
			isa = XCConfigurationList;
			buildConfigurations = (
				11944FA019AEDF5100D5BF6D /* Debug */,
				11944FA119AEDF5100D5BF6D /* Release */,
			);
			defaultConfigurationIsVisible = 0;
			defaultConfigurationName = Release;
		};
/* End XCConfigurationList section */
	};
	rootObject = 11944F7819AEDF5000D5BF6D /* Project object */;
}
