// !$*UTF8*$!
{
	archiveVersion = 1;
	classes = {
	};
	objectVersion = 46;
	objects = {

/* Begin PBXBuildFile section */
		1108B3C119EA10A5008379E6 /* FacebookSDK.framework in Frameworks */ = {isa = PBXBuildFile; fileRef = 119567B419E153C000D015CA /* FacebookSDK.framework */; };
		1108B3C219EA17D9008379E6 /* SwiftyJSON.swift in Sources */ = {isa = PBXBuildFile; fileRef = 119567A119E1539600D015CA /* SwiftyJSON.swift */; };
		1108B3C319EA17E0008379E6 /* GCD.swift in Sources */ = {isa = PBXBuildFile; fileRef = 119567A419E153AE00D015CA /* GCD.swift */; };
		1108B3C419EA17E0008379E6 /* Net.swift in Sources */ = {isa = PBXBuildFile; fileRef = 119567A519E153AE00D015CA /* Net.swift */; };
		1108B3C519EA17E0008379E6 /* NetData.swift in Sources */ = {isa = PBXBuildFile; fileRef = 119567A619E153AE00D015CA /* NetData.swift */; };
		1108B3C619EA17E0008379E6 /* NetDownloadTask.swift in Sources */ = {isa = PBXBuildFile; fileRef = 119567A719E153AE00D015CA /* NetDownloadTask.swift */; };
		1108B3C719EA17E0008379E6 /* NetHelper.swift in Sources */ = {isa = PBXBuildFile; fileRef = 119567A819E153AE00D015CA /* NetHelper.swift */; };
		1108B3C819EA17E0008379E6 /* NetRequestSerialization.swift in Sources */ = {isa = PBXBuildFile; fileRef = 119567A919E153AE00D015CA /* NetRequestSerialization.swift */; };
		1108B3C919EA17E0008379E6 /* NetResponseData.swift in Sources */ = {isa = PBXBuildFile; fileRef = 119567AA19E153AE00D015CA /* NetResponseData.swift */; };
		1108B3CA19EA17E0008379E6 /* NetUploadTask.swift in Sources */ = {isa = PBXBuildFile; fileRef = 119567AB19E153AE00D015CA /* NetUploadTask.swift */; };
		1108B3D519EA1842008379E6 /* Images.xcassets in Resources */ = {isa = PBXBuildFile; fileRef = 11944F8C19AEDF5100D5BF6D /* Images.xcassets */; };
		1136FC6E19D8DEE000A14DFA /* VerbAPI.swift in Sources */ = {isa = PBXBuildFile; fileRef = 1136FC6D19D8DEE000A14DFA /* VerbAPI.swift */; };
		11944F8619AEDF5100D5BF6D /* AppDelegate.swift in Sources */ = {isa = PBXBuildFile; fileRef = 11944F8519AEDF5100D5BF6D /* AppDelegate.swift */; };
		11944F8819AEDF5100D5BF6D /* LoginViewController.swift in Sources */ = {isa = PBXBuildFile; fileRef = 11944F8719AEDF5100D5BF6D /* LoginViewController.swift */; };
		11944F8B19AEDF5100D5BF6D /* Main.storyboard in Resources */ = {isa = PBXBuildFile; fileRef = 11944F8919AEDF5100D5BF6D /* Main.storyboard */; };
		11944F8D19AEDF5100D5BF6D /* Images.xcassets in Resources */ = {isa = PBXBuildFile; fileRef = 11944F8C19AEDF5100D5BF6D /* Images.xcassets */; };
		11944F9919AEDF5100D5BF6D /* VerbTests.swift in Sources */ = {isa = PBXBuildFile; fileRef = 11944F9819AEDF5100D5BF6D /* VerbTests.swift */; };
		11944FA319AEE1A200D5BF6D /* ActivityModel.swift in Sources */ = {isa = PBXBuildFile; fileRef = 11944FA219AEE1A200D5BF6D /* ActivityModel.swift */; };
		11944FAB19AF0CA300D5BF6D /* UserModel.swift in Sources */ = {isa = PBXBuildFile; fileRef = 11944FAA19AF0CA300D5BF6D /* UserModel.swift */; };
		11944FAF19AF100000D5BF6D /* ActivityViewController.swift in Sources */ = {isa = PBXBuildFile; fileRef = 11944FAE19AF100000D5BF6D /* ActivityViewController.swift */; };
		1195679E19E1530E00D015CA /* ActionCategoryModel.swift in Sources */ = {isa = PBXBuildFile; fileRef = 1195679B19E1530E00D015CA /* ActionCategoryModel.swift */; };
		1195679F19E1530E00D015CA /* ActionModel.swift in Sources */ = {isa = PBXBuildFile; fileRef = 1195679C19E1530E00D015CA /* ActionModel.swift */; };
		119567A019E1530E00D015CA /* MessageModel.swift in Sources */ = {isa = PBXBuildFile; fileRef = 1195679D19E1530E00D015CA /* MessageModel.swift */; };
		119567A219E1539600D015CA /* SwiftyJSON.swift in Sources */ = {isa = PBXBuildFile; fileRef = 119567A119E1539600D015CA /* SwiftyJSON.swift */; };
		119567AC19E153AE00D015CA /* GCD.swift in Sources */ = {isa = PBXBuildFile; fileRef = 119567A419E153AE00D015CA /* GCD.swift */; };
		119567AD19E153AE00D015CA /* Net.swift in Sources */ = {isa = PBXBuildFile; fileRef = 119567A519E153AE00D015CA /* Net.swift */; };
		119567AE19E153AE00D015CA /* NetData.swift in Sources */ = {isa = PBXBuildFile; fileRef = 119567A619E153AE00D015CA /* NetData.swift */; };
		119567AF19E153AE00D015CA /* NetDownloadTask.swift in Sources */ = {isa = PBXBuildFile; fileRef = 119567A719E153AE00D015CA /* NetDownloadTask.swift */; };
		119567B019E153AE00D015CA /* NetHelper.swift in Sources */ = {isa = PBXBuildFile; fileRef = 119567A819E153AE00D015CA /* NetHelper.swift */; };
		119567B119E153AE00D015CA /* NetRequestSerialization.swift in Sources */ = {isa = PBXBuildFile; fileRef = 119567A919E153AE00D015CA /* NetRequestSerialization.swift */; };
		119567B219E153AE00D015CA /* NetResponseData.swift in Sources */ = {isa = PBXBuildFile; fileRef = 119567AA19E153AE00D015CA /* NetResponseData.swift */; };
		119567B319E153AE00D015CA /* NetUploadTask.swift in Sources */ = {isa = PBXBuildFile; fileRef = 119567AB19E153AE00D015CA /* NetUploadTask.swift */; };
		119567B519E153C000D015CA /* FacebookSDK.framework in Frameworks */ = {isa = PBXBuildFile; fileRef = 119567B419E153C000D015CA /* FacebookSDK.framework */; };
		11CC2B5A19B0607500E99EC9 /* Login.storyboard in Resources */ = {isa = PBXBuildFile; fileRef = 11CC2B5919B0607500E99EC9 /* Login.storyboard */; };
		11CC2B6219B077AC00E99EC9 /* LogoutViewController.swift in Sources */ = {isa = PBXBuildFile; fileRef = 11CC2B6119B077AC00E99EC9 /* LogoutViewController.swift */; };
/* End PBXBuildFile section */

/* Begin PBXContainerItemProxy section */
		11944F9319AEDF5100D5BF6D /* PBXContainerItemProxy */ = {
			isa = PBXContainerItemProxy;
			containerPortal = 11944F7819AEDF5000D5BF6D /* Project object */;
			proxyType = 1;
			remoteGlobalIDString = 11944F7F19AEDF5100D5BF6D;
			remoteInfo = Verb;
		};
/* End PBXContainerItemProxy section */

/* Begin PBXFileReference section */
		1136FC6D19D8DEE000A14DFA /* VerbAPI.swift */ = {isa = PBXFileReference; fileEncoding = 4; lastKnownFileType = sourcecode.swift; path = VerbAPI.swift; sourceTree = "<group>"; };
		11944F8019AEDF5100D5BF6D /* Verb.app */ = {isa = PBXFileReference; explicitFileType = wrapper.application; includeInIndex = 0; path = Verb.app; sourceTree = BUILT_PRODUCTS_DIR; };
		11944F8419AEDF5100D5BF6D /* Info.plist */ = {isa = PBXFileReference; lastKnownFileType = text.plist.xml; path = Info.plist; sourceTree = "<group>"; };
		11944F8519AEDF5100D5BF6D /* AppDelegate.swift */ = {isa = PBXFileReference; indentWidth = 2; lastKnownFileType = sourcecode.swift; path = AppDelegate.swift; sourceTree = "<group>"; tabWidth = 2; wrapsLines = 0; };
		11944F8719AEDF5100D5BF6D /* LoginViewController.swift */ = {isa = PBXFileReference; indentWidth = 2; lastKnownFileType = sourcecode.swift; path = LoginViewController.swift; sourceTree = "<group>"; tabWidth = 2; };
		11944F8A19AEDF5100D5BF6D /* Base */ = {isa = PBXFileReference; lastKnownFileType = file.storyboard; name = Base; path = Base.lproj/Main.storyboard; sourceTree = "<group>"; };
		11944F8C19AEDF5100D5BF6D /* Images.xcassets */ = {isa = PBXFileReference; lastKnownFileType = folder.assetcatalog; path = Images.xcassets; sourceTree = "<group>"; };
		11944F9219AEDF5100D5BF6D /* VerbTests.xctest */ = {isa = PBXFileReference; explicitFileType = wrapper.cfbundle; includeInIndex = 0; path = VerbTests.xctest; sourceTree = BUILT_PRODUCTS_DIR; };
		11944F9719AEDF5100D5BF6D /* Info.plist */ = {isa = PBXFileReference; lastKnownFileType = text.plist.xml; path = Info.plist; sourceTree = "<group>"; };
		11944F9819AEDF5100D5BF6D /* VerbTests.swift */ = {isa = PBXFileReference; lastKnownFileType = sourcecode.swift; path = VerbTests.swift; sourceTree = "<group>"; };
		11944FA219AEE1A200D5BF6D /* ActivityModel.swift */ = {isa = PBXFileReference; fileEncoding = 4; indentWidth = 2; lastKnownFileType = sourcecode.swift; name = ActivityModel.swift; path = Verb/Model/ActivityModel.swift; sourceTree = SOURCE_ROOT; tabWidth = 2; };
		11944FA919AEEABC00D5BF6D /* Bridging-Header.h */ = {isa = PBXFileReference; lastKnownFileType = sourcecode.c.h; name = "Bridging-Header.h"; path = "Verb/Bridging-Header.h"; sourceTree = "<group>"; };
		11944FAA19AF0CA300D5BF6D /* UserModel.swift */ = {isa = PBXFileReference; fileEncoding = 4; indentWidth = 2; lastKnownFileType = sourcecode.swift; name = UserModel.swift; path = Verb/Model/UserModel.swift; sourceTree = SOURCE_ROOT; tabWidth = 2; };
		11944FAE19AF100000D5BF6D /* ActivityViewController.swift */ = {isa = PBXFileReference; fileEncoding = 4; indentWidth = 2; lastKnownFileType = sourcecode.swift; path = ActivityViewController.swift; sourceTree = "<group>"; tabWidth = 2; wrapsLines = 0; };
		1195679B19E1530E00D015CA /* ActionCategoryModel.swift */ = {isa = PBXFileReference; fileEncoding = 4; lastKnownFileType = sourcecode.swift; name = ActionCategoryModel.swift; path = Model/ActionCategoryModel.swift; sourceTree = "<group>"; };
		1195679C19E1530E00D015CA /* ActionModel.swift */ = {isa = PBXFileReference; fileEncoding = 4; lastKnownFileType = sourcecode.swift; name = ActionModel.swift; path = Model/ActionModel.swift; sourceTree = "<group>"; };
		1195679D19E1530E00D015CA /* MessageModel.swift */ = {isa = PBXFileReference; fileEncoding = 4; lastKnownFileType = sourcecode.swift; name = MessageModel.swift; path = Model/MessageModel.swift; sourceTree = "<group>"; };
		119567A119E1539600D015CA /* SwiftyJSON.swift */ = {isa = PBXFileReference; fileEncoding = 4; lastKnownFileType = sourcecode.swift; name = SwiftyJSON.swift; path = Lib/SwiftyJSON.swift; sourceTree = "<group>"; };
		119567A419E153AE00D015CA /* GCD.swift */ = {isa = PBXFileReference; fileEncoding = 4; lastKnownFileType = sourcecode.swift; path = GCD.swift; sourceTree = "<group>"; };
		119567A519E153AE00D015CA /* Net.swift */ = {isa = PBXFileReference; fileEncoding = 4; lastKnownFileType = sourcecode.swift; path = Net.swift; sourceTree = "<group>"; };
		119567A619E153AE00D015CA /* NetData.swift */ = {isa = PBXFileReference; fileEncoding = 4; lastKnownFileType = sourcecode.swift; path = NetData.swift; sourceTree = "<group>"; };
		119567A719E153AE00D015CA /* NetDownloadTask.swift */ = {isa = PBXFileReference; fileEncoding = 4; lastKnownFileType = sourcecode.swift; path = NetDownloadTask.swift; sourceTree = "<group>"; };
		119567A819E153AE00D015CA /* NetHelper.swift */ = {isa = PBXFileReference; fileEncoding = 4; lastKnownFileType = sourcecode.swift; path = NetHelper.swift; sourceTree = "<group>"; };
		119567A919E153AE00D015CA /* NetRequestSerialization.swift */ = {isa = PBXFileReference; fileEncoding = 4; lastKnownFileType = sourcecode.swift; path = NetRequestSerialization.swift; sourceTree = "<group>"; };
		119567AA19E153AE00D015CA /* NetResponseData.swift */ = {isa = PBXFileReference; fileEncoding = 4; lastKnownFileType = sourcecode.swift; path = NetResponseData.swift; sourceTree = "<group>"; };
		119567AB19E153AE00D015CA /* NetUploadTask.swift */ = {isa = PBXFileReference; fileEncoding = 4; lastKnownFileType = sourcecode.swift; path = NetUploadTask.swift; sourceTree = "<group>"; };
		119567B419E153C000D015CA /* FacebookSDK.framework */ = {isa = PBXFileReference; lastKnownFileType = wrapper.framework; name = FacebookSDK.framework; path = Lib/FacebookSDK.framework; sourceTree = "<group>"; };
		11CC2B5919B0607500E99EC9 /* Login.storyboard */ = {isa = PBXFileReference; fileEncoding = 4; lastKnownFileType = file.storyboard; path = Login.storyboard; sourceTree = "<group>"; };
		11CC2B6119B077AC00E99EC9 /* LogoutViewController.swift */ = {isa = PBXFileReference; fileEncoding = 4; indentWidth = 2; lastKnownFileType = sourcecode.swift; path = LogoutViewController.swift; sourceTree = "<group>"; tabWidth = 2; };
/* End PBXFileReference section */

/* Begin PBXFrameworksBuildPhase section */
		11944F7D19AEDF5100D5BF6D /* Frameworks */ = {
			isa = PBXFrameworksBuildPhase;
			buildActionMask = 2147483647;
			files = (
				119567B519E153C000D015CA /* FacebookSDK.framework in Frameworks */,
			);
			runOnlyForDeploymentPostprocessing = 0;
		};
		11944F8F19AEDF5100D5BF6D /* Frameworks */ = {
			isa = PBXFrameworksBuildPhase;
			buildActionMask = 2147483647;
			files = (
				1108B3C119EA10A5008379E6 /* FacebookSDK.framework in Frameworks */,
			);
			runOnlyForDeploymentPostprocessing = 0;
		};
/* End PBXFrameworksBuildPhase section */

/* Begin PBXGroup section */
		1136FC6F19D8DF3700A14DFA /* Lib */ = {
			isa = PBXGroup;
			children = (
				119567B419E153C000D015CA /* FacebookSDK.framework */,
				119567A319E153AE00D015CA /* Net */,
				119567A119E1539600D015CA /* SwiftyJSON.swift */,
			);
			name = Lib;
			sourceTree = "<group>";
		};
		11944F7719AEDF5000D5BF6D = {
			isa = PBXGroup;
			children = (
				11944FA919AEEABC00D5BF6D /* Bridging-Header.h */,
				1136FC6F19D8DF3700A14DFA /* Lib */,
				11944F8219AEDF5100D5BF6D /* Verb */,
				11944F9519AEDF5100D5BF6D /* VerbTests */,
				11944F8119AEDF5100D5BF6D /* Products */,
			);
			sourceTree = "<group>";
		};
		11944F8119AEDF5100D5BF6D /* Products */ = {
			isa = PBXGroup;
			children = (
				11944F8019AEDF5100D5BF6D /* Verb.app */,
				11944F9219AEDF5100D5BF6D /* VerbTests.xctest */,
			);
			name = Products;
			sourceTree = "<group>";
		};
		11944F8219AEDF5100D5BF6D /* Verb */ = {
			isa = PBXGroup;
			children = (
				1195679A19E150C500D015CA /* Model */,
				11944F8519AEDF5100D5BF6D /* AppDelegate.swift */,
				1136FC6D19D8DEE000A14DFA /* VerbAPI.swift */,
				11944F8719AEDF5100D5BF6D /* LoginViewController.swift */,
				11944FAE19AF100000D5BF6D /* ActivityViewController.swift */,
				11CC2B6119B077AC00E99EC9 /* LogoutViewController.swift */,
				11944F8919AEDF5100D5BF6D /* Main.storyboard */,
				11CC2B5919B0607500E99EC9 /* Login.storyboard */,
				11944F8C19AEDF5100D5BF6D /* Images.xcassets */,
				11944F8319AEDF5100D5BF6D /* Supporting Files */,
			);
			path = Verb;
			sourceTree = "<group>";
		};
		11944F8319AEDF5100D5BF6D /* Supporting Files */ = {
			isa = PBXGroup;
			children = (
				11944F8419AEDF5100D5BF6D /* Info.plist */,
			);
			name = "Supporting Files";
			sourceTree = "<group>";
		};
		11944F9519AEDF5100D5BF6D /* VerbTests */ = {
			isa = PBXGroup;
			children = (
				11944F9819AEDF5100D5BF6D /* VerbTests.swift */,
				11944F9619AEDF5100D5BF6D /* Supporting Files */,
			);
			path = VerbTests;
			sourceTree = "<group>";
		};
		11944F9619AEDF5100D5BF6D /* Supporting Files */ = {
			isa = PBXGroup;
			children = (
				11944F9719AEDF5100D5BF6D /* Info.plist */,
			);
			name = "Supporting Files";
			sourceTree = "<group>";
		};
		1195679A19E150C500D015CA /* Model */ = {
			isa = PBXGroup;
			children = (
				1195679B19E1530E00D015CA /* ActionCategoryModel.swift */,
				1195679C19E1530E00D015CA /* ActionModel.swift */,
				1195679D19E1530E00D015CA /* MessageModel.swift */,
				11944FAA19AF0CA300D5BF6D /* UserModel.swift */,
				11944FA219AEE1A200D5BF6D /* ActivityModel.swift */,
			);
			name = Model;
			sourceTree = "<group>";
		};
		119567A319E153AE00D015CA /* Net */ = {
			isa = PBXGroup;
			children = (
				119567A419E153AE00D015CA /* GCD.swift */,
				119567A519E153AE00D015CA /* Net.swift */,
				119567A619E153AE00D015CA /* NetData.swift */,
				119567A719E153AE00D015CA /* NetDownloadTask.swift */,
				119567A819E153AE00D015CA /* NetHelper.swift */,
				119567A919E153AE00D015CA /* NetRequestSerialization.swift */,
				119567AA19E153AE00D015CA /* NetResponseData.swift */,
				119567AB19E153AE00D015CA /* NetUploadTask.swift */,
			);
			name = Net;
			path = Lib/Net;
			sourceTree = "<group>";
		};
/* End PBXGroup section */

/* Begin PBXNativeTarget section */
		11944F7F19AEDF5100D5BF6D /* Verb */ = {
			isa = PBXNativeTarget;
			buildConfigurationList = 11944F9C19AEDF5100D5BF6D /* Build configuration list for PBXNativeTarget "Verb" */;
			buildPhases = (
				11944F7C19AEDF5100D5BF6D /* Sources */,
				11944F7D19AEDF5100D5BF6D /* Frameworks */,
				11944F7E19AEDF5100D5BF6D /* Resources */,
			);
			buildRules = (
			);
			dependencies = (
			);
			name = Verb;
			productName = Verb;
			productReference = 11944F8019AEDF5100D5BF6D /* Verb.app */;
			productType = "com.apple.product-type.application";
		};
		11944F9119AEDF5100D5BF6D /* VerbTests */ = {
			isa = PBXNativeTarget;
			buildConfigurationList = 11944F9F19AEDF5100D5BF6D /* Build configuration list for PBXNativeTarget "VerbTests" */;
			buildPhases = (
				11944F8E19AEDF5100D5BF6D /* Sources */,
				11944F8F19AEDF5100D5BF6D /* Frameworks */,
				11944F9019AEDF5100D5BF6D /* Resources */,
			);
			buildRules = (
			);
			dependencies = (
				11944F9419AEDF5100D5BF6D /* PBXTargetDependency */,
			);
			name = VerbTests;
			productName = VerbTests;
			productReference = 11944F9219AEDF5100D5BF6D /* VerbTests.xctest */;
			productType = "com.apple.product-type.bundle.unit-test";
		};
/* End PBXNativeTarget section */

/* Begin PBXProject section */
		11944F7819AEDF5000D5BF6D /* Project object */ = {
			isa = PBXProject;
			attributes = {
				LastUpgradeCheck = 0600;
				ORGANIZATIONNAME = "Jonathan Porta";
				TargetAttributes = {
					11944F7F19AEDF5100D5BF6D = {
						CreatedOnToolsVersion = 6.0;
						DevelopmentTeam = 52KRCFBNVN;
					};
					11944F9119AEDF5100D5BF6D = {
						CreatedOnToolsVersion = 6.0;
						TestTargetID = 11944F7F19AEDF5100D5BF6D;
					};
				};
			};
			buildConfigurationList = 11944F7B19AEDF5000D5BF6D /* Build configuration list for PBXProject "Verb" */;
			compatibilityVersion = "Xcode 3.2";
			developmentRegion = English;
			hasScannedForEncodings = 0;
			knownRegions = (
				en,
				Base,
			);
			mainGroup = 11944F7719AEDF5000D5BF6D;
			productRefGroup = 11944F8119AEDF5100D5BF6D /* Products */;
			projectDirPath = "";
			projectRoot = "";
			targets = (
				11944F7F19AEDF5100D5BF6D /* Verb */,
				11944F9119AEDF5100D5BF6D /* VerbTests */,
			);
		};
/* End PBXProject section */

/* Begin PBXResourcesBuildPhase section */
		11944F7E19AEDF5100D5BF6D /* Resources */ = {
			isa = PBXResourcesBuildPhase;
			buildActionMask = 2147483647;
			files = (
				11944F8B19AEDF5100D5BF6D /* Main.storyboard in Resources */,
				11944F8D19AEDF5100D5BF6D /* Images.xcassets in Resources */,
				11CC2B5A19B0607500E99EC9 /* Login.storyboard in Resources */,
			);
			runOnlyForDeploymentPostprocessing = 0;
		};
		11944F9019AEDF5100D5BF6D /* Resources */ = {
			isa = PBXResourcesBuildPhase;
			buildActionMask = 2147483647;
			files = (
				1108B3D519EA1842008379E6 /* Images.xcassets in Resources */,
			);
			runOnlyForDeploymentPostprocessing = 0;
		};
/* End PBXResourcesBuildPhase section */

/* Begin PBXSourcesBuildPhase section */
		11944F7C19AEDF5100D5BF6D /* Sources */ = {
			isa = PBXSourcesBuildPhase;
			buildActionMask = 2147483647;
			files = (
				11944F8819AEDF5100D5BF6D /* LoginViewController.swift in Sources */,
				119567B019E153AE00D015CA /* NetHelper.swift in Sources */,
				119567A219E1539600D015CA /* SwiftyJSON.swift in Sources */,
				119567B319E153AE00D015CA /* NetUploadTask.swift in Sources */,
				119567AD19E153AE00D015CA /* Net.swift in Sources */,
				1195679F19E1530E00D015CA /* ActionModel.swift in Sources */,
				11944FAF19AF100000D5BF6D /* ActivityViewController.swift in Sources */,
				119567B219E153AE00D015CA /* NetResponseData.swift in Sources */,
				1136FC6E19D8DEE000A14DFA /* VerbAPI.swift in Sources */,
				11944F8619AEDF5100D5BF6D /* AppDelegate.swift in Sources */,
				119567B119E153AE00D015CA /* NetRequestSerialization.swift in Sources */,
				119567AC19E153AE00D015CA /* GCD.swift in Sources */,
				11944FA319AEE1A200D5BF6D /* ActivityModel.swift in Sources */,
				119567AF19E153AE00D015CA /* NetDownloadTask.swift in Sources */,
				1195679E19E1530E00D015CA /* ActionCategoryModel.swift in Sources */,
				119567A019E1530E00D015CA /* MessageModel.swift in Sources */,
				119567AE19E153AE00D015CA /* NetData.swift in Sources */,
				11944FAB19AF0CA300D5BF6D /* UserModel.swift in Sources */,
				11CC2B6219B077AC00E99EC9 /* LogoutViewController.swift in Sources */,
			);
			runOnlyForDeploymentPostprocessing = 0;
		};
		11944F8E19AEDF5100D5BF6D /* Sources */ = {
			isa = PBXSourcesBuildPhase;
			buildActionMask = 2147483647;
			files = (
				1108B3C619EA17E0008379E6 /* NetDownloadTask.swift in Sources */,
				1108B3C319EA17E0008379E6 /* GCD.swift in Sources */,
				11944F9919AEDF5100D5BF6D /* VerbTests.swift in Sources */,
				1108B3C519EA17E0008379E6 /* NetData.swift in Sources */,
				1108B3C219EA17D9008379E6 /* SwiftyJSON.swift in Sources */,
				1108B3CA19EA17E0008379E6 /* NetUploadTask.swift in Sources */,
				1108B3C719EA17E0008379E6 /* NetHelper.swift in Sources */,
				1108B3C919EA17E0008379E6 /* NetResponseData.swift in Sources */,
				1108B3C819EA17E0008379E6 /* NetRequestSerialization.swift in Sources */,
				1108B3C419EA17E0008379E6 /* Net.swift in Sources */,
			);
			runOnlyForDeploymentPostprocessing = 0;
		};
/* End PBXSourcesBuildPhase section */

/* Begin PBXTargetDependency section */
		11944F9419AEDF5100D5BF6D /* PBXTargetDependency */ = {
			isa = PBXTargetDependency;
			target = 11944F7F19AEDF5100D5BF6D /* Verb */;
			targetProxy = 11944F9319AEDF5100D5BF6D /* PBXContainerItemProxy */;
		};
/* End PBXTargetDependency section */

/* Begin PBXVariantGroup section */
		11944F8919AEDF5100D5BF6D /* Main.storyboard */ = {
			isa = PBXVariantGroup;
			children = (
				11944F8A19AEDF5100D5BF6D /* Base */,
			);
			name = Main.storyboard;
			sourceTree = "<group>";
		};
/* End PBXVariantGroup section */

/* Begin XCBuildConfiguration section */
		11944F9A19AEDF5100D5BF6D /* Debug */ = {
			isa = XCBuildConfiguration;
			buildSettings = {
				ALWAYS_SEARCH_USER_PATHS = NO;
				CLANG_CXX_LANGUAGE_STANDARD = "gnu++0x";
				CLANG_CXX_LIBRARY = "libc++";
				CLANG_ENABLE_MODULES = YES;
				CLANG_ENABLE_OBJC_ARC = YES;
				CLANG_WARN_BOOL_CONVERSION = YES;
				CLANG_WARN_CONSTANT_CONVERSION = YES;
				CLANG_WARN_DIRECT_OBJC_ISA_USAGE = YES_ERROR;
				CLANG_WARN_EMPTY_BODY = YES;
				CLANG_WARN_ENUM_CONVERSION = YES;
				CLANG_WARN_INT_CONVERSION = YES;
				CLANG_WARN_OBJC_ROOT_CLASS = YES_ERROR;
				CLANG_WARN_UNREACHABLE_CODE = YES;
				CLANG_WARN__DUPLICATE_METHOD_MATCH = YES;
				"CODE_SIGN_IDENTITY[sdk=iphoneos*]" = "iPhone Developer";
				COPY_PHASE_STRIP = NO;
				ENABLE_STRICT_OBJC_MSGSEND = YES;
				GCC_C_LANGUAGE_STANDARD = gnu99;
				GCC_DYNAMIC_NO_PIC = NO;
				GCC_OPTIMIZATION_LEVEL = 0;
				GCC_PREPROCESSOR_DEFINITIONS = (
					"DEBUG=1",
					"$(inherited)",
				);
				GCC_SYMBOLS_PRIVATE_EXTERN = NO;
				GCC_WARN_64_TO_32_BIT_CONVERSION = YES;
				GCC_WARN_ABOUT_RETURN_TYPE = YES_ERROR;
				GCC_WARN_UNDECLARED_SELECTOR = YES;
				GCC_WARN_UNINITIALIZED_AUTOS = YES_AGGRESSIVE;
				GCC_WARN_UNUSED_FUNCTION = YES;
				GCC_WARN_UNUSED_VARIABLE = YES;
				IPHONEOS_DEPLOYMENT_TARGET = 8.0;
				METAL_ENABLE_DEBUG_INFO = YES;
				ONLY_ACTIVE_ARCH = YES;
				SDKROOT = iphoneos;
				SWIFT_OPTIMIZATION_LEVEL = "-Onone";
				TARGETED_DEVICE_FAMILY = "1,2";
			};
			name = Debug;
		};
		11944F9B19AEDF5100D5BF6D /* Release */ = {
			isa = XCBuildConfiguration;
			buildSettings = {
				ALWAYS_SEARCH_USER_PATHS = NO;
				CLANG_CXX_LANGUAGE_STANDARD = "gnu++0x";
				CLANG_CXX_LIBRARY = "libc++";
				CLANG_ENABLE_MODULES = YES;
				CLANG_ENABLE_OBJC_ARC = YES;
				CLANG_WARN_BOOL_CONVERSION = YES;
				CLANG_WARN_CONSTANT_CONVERSION = YES;
				CLANG_WARN_DIRECT_OBJC_ISA_USAGE = YES_ERROR;
				CLANG_WARN_EMPTY_BODY = YES;
				CLANG_WARN_ENUM_CONVERSION = YES;
				CLANG_WARN_INT_CONVERSION = YES;
				CLANG_WARN_OBJC_ROOT_CLASS = YES_ERROR;
				CLANG_WARN_UNREACHABLE_CODE = YES;
				CLANG_WARN__DUPLICATE_METHOD_MATCH = YES;
				"CODE_SIGN_IDENTITY[sdk=iphoneos*]" = "iPhone Developer";
				COPY_PHASE_STRIP = YES;
				ENABLE_NS_ASSERTIONS = NO;
				ENABLE_STRICT_OBJC_MSGSEND = YES;
				GCC_C_LANGUAGE_STANDARD = gnu99;
				GCC_WARN_64_TO_32_BIT_CONVERSION = YES;
				GCC_WARN_ABOUT_RETURN_TYPE = YES_ERROR;
				GCC_WARN_UNDECLARED_SELECTOR = YES;
				GCC_WARN_UNINITIALIZED_AUTOS = YES_AGGRESSIVE;
				GCC_WARN_UNUSED_FUNCTION = YES;
				GCC_WARN_UNUSED_VARIABLE = YES;
				IPHONEOS_DEPLOYMENT_TARGET = 8.0;
				METAL_ENABLE_DEBUG_INFO = NO;
				SDKROOT = iphoneos;
				TARGETED_DEVICE_FAMILY = "1,2";
				VALIDATE_PRODUCT = YES;
			};
			name = Release;
		};
		11944F9D19AEDF5100D5BF6D /* Debug */ = {
			isa = XCBuildConfiguration;
			buildSettings = {
				ASSETCATALOG_COMPILER_APPICON_NAME = AppIcon;
				ASSETCATALOG_COMPILER_LAUNCHIMAGE_NAME = LaunchImage;
				CODE_SIGN_IDENTITY = "iPhone Distribution: William Porta (52KRCFBNVN)";
				"CODE_SIGN_IDENTITY[sdk=iphoneos*]" = "iPhone Distribution: William Porta (52KRCFBNVN)";
				FRAMEWORK_SEARCH_PATHS = (
					"$(inherited)",
					"$(PROJECT_DIR)",
					"$(PROJECT_DIR)/Lib",
				);
				INFOPLIST_FILE = Verb/Info.plist;
				IPHONEOS_DEPLOYMENT_TARGET = 7.0;
				LD_RUNPATH_SEARCH_PATHS = "$(inherited) @executable_path/Frameworks";
				PRODUCT_NAME = "$(TARGET_NAME)";
				PROVISIONING_PROFILE = "25d85a6b-970b-4459-9d84-c28e74d1dee2";
				SWIFT_OBJC_BRIDGING_HEADER = "Verb/Bridging-Header.h";
				TARGETED_DEVICE_FAMILY = "1,2";
			};
			name = Debug;
		};
		11944F9E19AEDF5100D5BF6D /* Release */ = {
			isa = XCBuildConfiguration;
			buildSettings = {
				ASSETCATALOG_COMPILER_APPICON_NAME = AppIcon;
				ASSETCATALOG_COMPILER_LAUNCHIMAGE_NAME = LaunchImage;
				CODE_SIGN_IDENTITY = "iPhone Distribution: William Porta (52KRCFBNVN)";
				"CODE_SIGN_IDENTITY[sdk=iphoneos*]" = "iPhone Distribution: William Porta (52KRCFBNVN)";
				FRAMEWORK_SEARCH_PATHS = (
					"$(inherited)",
					"$(PROJECT_DIR)",
					"$(PROJECT_DIR)/Lib",
				);
				INFOPLIST_FILE = Verb/Info.plist;
				IPHONEOS_DEPLOYMENT_TARGET = 7.0;
				LD_RUNPATH_SEARCH_PATHS = "$(inherited) @executable_path/Frameworks";
				PRODUCT_NAME = "$(TARGET_NAME)";
				PROVISIONING_PROFILE = "25d85a6b-970b-4459-9d84-c28e74d1dee2";
				SWIFT_OBJC_BRIDGING_HEADER = "Verb/Bridging-Header.h";
				TARGETED_DEVICE_FAMILY = "1,2";
			};
			name = Release;
		};
		11944FA019AEDF5100D5BF6D /* Debug */ = {
			isa = XCBuildConfiguration;
			buildSettings = {
				BUNDLE_LOADER = "$(BUILT_PRODUCTS_DIR)/Verb.app/Verb";
				FRAMEWORK_SEARCH_PATHS = (
					"$(SDKROOT)/Developer/Library/Frameworks",
					"$(inherited)",
					"$(PROJECT_DIR)/Lib",
				);
				GCC_PREPROCESSOR_DEFINITIONS = (
					"DEBUG=1",
					"$(inherited)",
				);
				INFOPLIST_FILE = VerbTests/Info.plist;
				LD_RUNPATH_SEARCH_PATHS = "$(inherited) @executable_path/Frameworks @loader_path/Frameworks";
				METAL_ENABLE_DEBUG_INFO = YES;
				PRODUCT_NAME = "$(TARGET_NAME)";
				TEST_HOST = "$(BUNDLE_LOADER)";
			};
			name = Debug;
		};
		11944FA119AEDF5100D5BF6D /* Release */ = {
			isa = XCBuildConfiguration;
			buildSettings = {
				BUNDLE_LOADER = "$(BUILT_PRODUCTS_DIR)/Verb.app/Verb";
				FRAMEWORK_SEARCH_PATHS = (
					"$(SDKROOT)/Developer/Library/Frameworks",
					"$(inherited)",
					"$(PROJECT_DIR)/Lib",
				);
				INFOPLIST_FILE = VerbTests/Info.plist;
				LD_RUNPATH_SEARCH_PATHS = "$(inherited) @executable_path/Frameworks @loader_path/Frameworks";
				METAL_ENABLE_DEBUG_INFO = NO;
				PRODUCT_NAME = "$(TARGET_NAME)";
				TEST_HOST = "$(BUNDLE_LOADER)";
			};
			name = Release;
		};
/* End XCBuildConfiguration section */

/* Begin XCConfigurationList section */
		11944F7B19AEDF5000D5BF6D /* Build configuration list for PBXProject "Verb" */ = {
			isa = XCConfigurationList;
			buildConfigurations = (
				11944F9A19AEDF5100D5BF6D /* Debug */,
				11944F9B19AEDF5100D5BF6D /* Release */,
			);
			defaultConfigurationIsVisible = 0;
			defaultConfigurationName = Release;
		};
		11944F9C19AEDF5100D5BF6D /* Build configuration list for PBXNativeTarget "Verb" */ = {
			isa = XCConfigurationList;
			buildConfigurations = (
				11944F9D19AEDF5100D5BF6D /* Debug */,
				11944F9E19AEDF5100D5BF6D /* Release */,
			);
			defaultConfigurationIsVisible = 0;
			defaultConfigurationName = Release;
		};
		11944F9F19AEDF5100D5BF6D /* Build configuration list for PBXNativeTarget "VerbTests" */ = {
			isa = XCConfigurationList;
			buildConfigurations = (
				11944FA019AEDF5100D5BF6D /* Debug */,
				11944FA119AEDF5100D5BF6D /* Release */,
			);
			defaultConfigurationIsVisible = 0;
			defaultConfigurationName = Release;
		};
/* End XCConfigurationList section */
	};
	rootObject = 11944F7819AEDF5000D5BF6D /* Project object */;
}
